
Microsoft Visual Studio Solution File, Format Version 12.00
# Visual Studio Version 17
VisualStudioVersion = 17.7.34221.43
MinimumVisualStudioVersion = 10.0.40219.1
Project("{FAE04EC0-301F-11D3-BF4B-00C04F79EFBC}") = "Jobsearch_backend", "Jobsearch_backend\Jobsearch_backend.csproj", "{5AAF1296-D7B6-421A-ACD7-C26B3EA7B642}"
EndProject
Global
	GlobalSection(SolutionConfigurationPlatforms) = preSolution
		Debug|Any CPU = Debug|Any CPU
		Release|Any CPU = Release|Any CPU
	EndGlobalSection
	GlobalSection(ProjectConfigurationPlatforms) = postSolution
		{5AAF1296-D7B6-421A-ACD7-C26B3EA7B642}.Debug|Any CPU.ActiveCfg = Debug|Any CPU
		{5AAF1296-D7B6-421A-ACD7-C26B3EA7B642}.Debug|Any CPU.Build.0 = Debug|Any CPU
		{5AAF1296-D7B6-421A-ACD7-C26B3EA7B642}.Release|Any CPU.ActiveCfg = Release|Any CPU
		{5AAF1296-D7B6-421A-ACD7-C26B3EA7B642}.Release|Any CPU.Build.0 = Release|Any CPU
	EndGlobalSection
	GlobalSection(SolutionProperties) = preSolution
		HideSolutionNode = FALSE
	EndGlobalSection
	GlobalSection(ExtensibilityGlobals) = postSolution
		SolutionGuid = {F7FFA287-633B-47CD-B5AE-895EC22B3FF9}
	EndGlobalSection
EndGlobal
